
Microsoft Visual Studio Solution File, Format Version 12.00
Project("{FAE04EC0-301F-11D3-BF4B-00C04F79EFBC}") = "Domain", "Domain\Domain.csproj", "{3689426C-1A01-40E7-80C4-1DBABA6782E0}"
EndProject
Project("{FAE04EC0-301F-11D3-BF4B-00C04F79EFBC}") = "Infra", "Infra\Infra.csproj", "{4C7A6896-D042-454D-B24F-0E3C99896D02}"
EndProject
Project("{FAE04EC0-301F-11D3-BF4B-00C04F79EFBC}") = "Application", "Application\Application.csproj", "{689112DE-4BBA-4EB2-9E75-7EB778C567FC}"
EndProject
Project("{FAE04EC0-301F-11D3-BF4B-00C04F79EFBC}") = "Api", "Api\Api.csproj", "{E9B7DE93-4F37-4D92-8C6B-88F33B7A3411}"
EndProject
Project("{2150E333-8FDC-42A3-9474-1A3956D46DE8}") = "1 - WebApi", "1 - WebApi", "{DF2E30A6-6AD7-4154-BDF2-CF993CDCB5BE}"
EndProject
Project("{2150E333-8FDC-42A3-9474-1A3956D46DE8}") = "2 - Application", "2 - Application", "{2CA01B95-67C9-4484-8160-C76E35F4427A}"
EndProject
Project("{2150E333-8FDC-42A3-9474-1A3956D46DE8}") = "3 - Infra", "3 - Infra", "{A6C1DD78-7ABA-4D15-8BDB-2F9DDFE613D2}"
EndProject
Project("{2150E333-8FDC-42A3-9474-1A3956D46DE8}") = "4 - Domain", "4 - Domain", "{2CAAF0C1-F98C-4A98-9451-661EAEFF7887}"
EndProject
Project("{FAE04EC0-301F-11D3-BF4B-00C04F79EFBC}") = "Infra.ExternalApi", "Infra.ExternalApi\Infra.ExternalApi.csproj", "{44D99B79-4250-4E87-9811-54BDD3187332}"
EndProject
Global
	GlobalSection(SolutionConfigurationPlatforms) = preSolution
		Debug|Any CPU = Debug|Any CPU
		Release|Any CPU = Release|Any CPU
	EndGlobalSection
	GlobalSection(ProjectConfigurationPlatforms) = postSolution
		{3689426C-1A01-40E7-80C4-1DBABA6782E0}.Debug|Any CPU.ActiveCfg = Debug|Any CPU
		{3689426C-1A01-40E7-80C4-1DBABA6782E0}.Debug|Any CPU.Build.0 = Debug|Any CPU
		{3689426C-1A01-40E7-80C4-1DBABA6782E0}.Release|Any CPU.ActiveCfg = Release|Any CPU
		{3689426C-1A01-40E7-80C4-1DBABA6782E0}.Release|Any CPU.Build.0 = Release|Any CPU
		{4C7A6896-D042-454D-B24F-0E3C99896D02}.Debug|Any CPU.ActiveCfg = Debug|Any CPU
		{4C7A6896-D042-454D-B24F-0E3C99896D02}.Debug|Any CPU.Build.0 = Debug|Any CPU
		{4C7A6896-D042-454D-B24F-0E3C99896D02}.Release|Any CPU.ActiveCfg = Release|Any CPU
		{4C7A6896-D042-454D-B24F-0E3C99896D02}.Release|Any CPU.Build.0 = Release|Any CPU
		{689112DE-4BBA-4EB2-9E75-7EB778C567FC}.Debug|Any CPU.ActiveCfg = Debug|Any CPU
		{689112DE-4BBA-4EB2-9E75-7EB778C567FC}.Debug|Any CPU.Build.0 = Debug|Any CPU
		{689112DE-4BBA-4EB2-9E75-7EB778C567FC}.Release|Any CPU.ActiveCfg = Release|Any CPU
		{689112DE-4BBA-4EB2-9E75-7EB778C567FC}.Release|Any CPU.Build.0 = Release|Any CPU
		{E9B7DE93-4F37-4D92-8C6B-88F33B7A3411}.Debug|Any CPU.ActiveCfg = Debug|Any CPU
		{E9B7DE93-4F37-4D92-8C6B-88F33B7A3411}.Debug|Any CPU.Build.0 = Debug|Any CPU
		{E9B7DE93-4F37-4D92-8C6B-88F33B7A3411}.Release|Any CPU.ActiveCfg = Release|Any CPU
		{E9B7DE93-4F37-4D92-8C6B-88F33B7A3411}.Release|Any CPU.Build.0 = Release|Any CPU
		{44D99B79-4250-4E87-9811-54BDD3187332}.Debug|Any CPU.ActiveCfg = Debug|Any CPU
		{44D99B79-4250-4E87-9811-54BDD3187332}.Debug|Any CPU.Build.0 = Debug|Any CPU
		{44D99B79-4250-4E87-9811-54BDD3187332}.Release|Any CPU.ActiveCfg = Release|Any CPU
		{44D99B79-4250-4E87-9811-54BDD3187332}.Release|Any CPU.Build.0 = Release|Any CPU
	EndGlobalSection
	GlobalSection(NestedProjects) = preSolution
		{E9B7DE93-4F37-4D92-8C6B-88F33B7A3411} = {DF2E30A6-6AD7-4154-BDF2-CF993CDCB5BE}
		{689112DE-4BBA-4EB2-9E75-7EB778C567FC} = {2CA01B95-67C9-4484-8160-C76E35F4427A}
		{4C7A6896-D042-454D-B24F-0E3C99896D02} = {A6C1DD78-7ABA-4D15-8BDB-2F9DDFE613D2}
		{3689426C-1A01-40E7-80C4-1DBABA6782E0} = {2CAAF0C1-F98C-4A98-9451-661EAEFF7887}
		{44D99B79-4250-4E87-9811-54BDD3187332} = {A6C1DD78-7ABA-4D15-8BDB-2F9DDFE613D2}
	EndGlobalSection
EndGlobal
